
Microsoft Visual Studio Solution File, Format Version 12.00
# Visual Studio Version 17
VisualStudioVersion = 17.13.35919.96 d17.13
MinimumVisualStudioVersion = 10.0.40219.1
Project("{F2A71F9B-5D33-465A-A702-920D77279786}") = "task2", "task2\task2.fsproj", "{EDBC8715-3D92-4A76-B22E-E78C4105F889}"
EndProject
Global
	GlobalSection(SolutionConfigurationPlatforms) = preSolution
		Debug|Any CPU = Debug|Any CPU
		Release|Any CPU = Release|Any CPU
	EndGlobalSection
	GlobalSection(ProjectConfigurationPlatforms) = postSolution
		{EDBC8715-3D92-4A76-B22E-E78C4105F889}.Debug|Any CPU.ActiveCfg = Debug|Any CPU
		{EDBC8715-3D92-4A76-B22E-E78C4105F889}.Debug|Any CPU.Build.0 = Debug|Any CPU
		{EDBC8715-3D92-4A76-B22E-E78C4105F889}.Release|Any CPU.ActiveCfg = Release|Any CPU
		{EDBC8715-3D92-4A76-B22E-E78C4105F889}.Release|Any CPU.Build.0 = Release|Any CPU
	EndGlobalSection
	GlobalSection(SolutionProperties) = preSolution
		HideSolutionNode = FALSE
	EndGlobalSection
	GlobalSection(ExtensibilityGlobals) = postSolution
		SolutionGuid = {A28BEDC9-44E3-4276-983B-3380A1AD19FE}
	EndGlobalSection
EndGlobal
